<?xml version="1.0" encoding="utf-8"?>
<Project ToolsVersion="4.0" xmlns="http://schemas.microsoft.com/developer/msbuild/2003">
  <ItemGroup>
    <Filter Include="Source Files">
      <UniqueIdentifier>{4FC737F1-C7A5-4376-A066-2A32D752A2FF}</UniqueIdentifier>
      <Extensions>cpp;c;cc;cxx;def;odl;idl;hpj;bat;asm;asmx</Extensions>
    </Filter>
    <Filter Include="Header Files">
      <UniqueIdentifier>{93995380-89BD-4b04-88EB-625FBE52EBFB}</UniqueIdentifier>
      <Extensions>h;hh;hpp;hxx;hm;inl;inc;xsd</Extensions>
    </Filter>
    <Filter Include="Resource Files">
      <UniqueIdentifier>{67DA6AB6-F800-4c08-8B7A-83BB121AAD01}</UniqueIdentifier>
      <Extensions>rc;ico;cur;bmp;dlg;rc2;rct;bin;rgs;gif;jpg;jpeg;jpe;resx;tiff;tif;png;wav;mfcribbon-ms</Extensions>
    </Filter>
  </ItemGroup>
  <ItemGroup>
    <ClCompile Include="game.cpp">
      <Filter>Source Files</Filter>
    </ClCompile>
  </ItemGroup>
  <ItemGroup>
    <Text Include="Readme.txt">
      <Filter>Source Files</Filter>
    </Text>
  </ItemGroup>
  <ItemGroup>
    <ClInclude Include="ship.h">
      <Filter>Source Files</Filter>
    </ClInclude>
    <ClInclude Include="Alien.h">
      <Filter>Source Files</Filter>
    </ClInclude>
    <ClInclude Include="..\..\..\..\kal%27sDoc2019\Programing II\program7\game\Bomb.h">
      <Filter>Source Files</Filter>
    </ClInclude>
    <ClInclude Include="Missile.h">
      <Filter>Source Files</Filter>
    </ClInclude>
    <ClInclude Include="..\..\..\..\kal%27sDoc2019\Programing II\program7\game\startButton.h">
      <Filter>Source Files</Filter>
    </ClInclude>
    <ClInclude Include="..\..\..\..\kal%27sDoc2019\Programing II\program7\game\ListofAlien.h">
      <Filter>Source Files</Filter>
    </ClInclude>
    <ClInclude Include="..\..\..\..\kal%27sDoc2019\Programing II\program7\game\ListofBomb.h">
      <Filter>Source Files</Filter>
    </ClInclude>
    <ClInclude Include="ListofMissile.h">
      <Filter>Source Files</Filter>
    </ClInclude>
    <ClInclude Include="Player.h">
      <Filter>Header Files</Filter>
    </ClInclude>
  </ItemGroup>
  <ItemGroup>
    <Image Include="..\..\..\..\kal%27sDoc2019\Programing II\program7\game\missile.png">
      <Filter>Source Files</Filter>
    </Image>
    <Image Include="..\..\..\..\kal%27sDoc2019\Programing II\program7\game\stars.jpg">
      <Filter>Source Files</Filter>
    </Image>
    <Image Include="..\..\..\..\kal%27sDoc2019\Programing II\program7\game\alien.png">
      <Filter>Source Files</Filter>
    </Image>
    <Image Include="..\..\..\..\kal%27sDoc2019\Programing II\program7\game\brain_alien.png">
      <Filter>Source Files</Filter>
    </Image>
    <Image Include="..\..\..\..\kal%27sDoc2019\Programing II\program7\game\fire.png">
      <Filter>Source Files</Filter>
    </Image>
    <Image Include="..\..\..\..\kal%27sDoc2019\Programing II\program7\game\player_play.png">
      <Filter>Source Files</Filter>
    </Image>
    <Image Include="..\..\..\..\kal%27sDoc2019\Programing II\program7\game\ship.png">
      <Filter>Resource Files</Filter>
    </Image>
  </ItemGroup>
</Project>